# This file is automatically @generated by Cargo.
# It is not intended for manual editing.
version = 4

[[package]]
name = "step1_ppm"
version = "0.1.0"

[[package]]
name = "step2_vec3"
version = "0.1.0"

[[package]]
name = "step3_ray"
version = "0.1.0"

[[package]]
name = "step4_camera"
version = "0.1.0"
