# This file is automatically @generated by Cargo.
# It is not intended for manual editing.
version = 4

[[package]]
name = "step1_ppm"
version = "0.1.0"

[[package]]
name = "step2_vec3"
version = "0.1.0"

[[package]]
name = "step3_ray"
version = "0.1.0"

[[package]]
name = "step4_camera"
version = "0.1.0"

[[package]]
name = "step5_sphere"
version = "0.1.0"

[[package]]
name = "step6_2_hittable"
version = "0.1.0"

[[package]]
name = "step6_3_hittable_list"
version = "0.1.0"

[[package]]
name = "step6_normals"
version = "0.1.0"
